
Microsoft Visual Studio Solution File, Format Version 12.00
# Visual Studio Version 17
VisualStudioVersion = 17.2.32630.192
MinimumVisualStudioVersion = 10.0.40219.1
Project("{FAE04EC0-301F-11D3-BF4B-00C04F79EFBC}") = "Simple_Chess", "Simple_Chess\Simple_Chess.csproj", "{69FF5D53-71F5-4CDD-B4E1-9694F272981F}"
EndProject
Global
	GlobalSection(SolutionConfigurationPlatforms) = preSolution
		Debug|Any CPU = Debug|Any CPU
		Release|Any CPU = Release|Any CPU
	EndGlobalSection
	GlobalSection(ProjectConfigurationPlatforms) = postSolution
		{69FF5D53-71F5-4CDD-B4E1-9694F272981F}.Debug|Any CPU.ActiveCfg = Debug|Any CPU
		{69FF5D53-71F5-4CDD-B4E1-9694F272981F}.Debug|Any CPU.Build.0 = Debug|Any CPU
		{69FF5D53-71F5-4CDD-B4E1-9694F272981F}.Release|Any CPU.ActiveCfg = Release|Any CPU
		{69FF5D53-71F5-4CDD-B4E1-9694F272981F}.Release|Any CPU.Build.0 = Release|Any CPU
	EndGlobalSection
	GlobalSection(SolutionProperties) = preSolution
		HideSolutionNode = FALSE
	EndGlobalSection
	GlobalSection(ExtensibilityGlobals) = postSolution
		SolutionGuid = {96A079F1-DB78-4A8F-BD8F-CEF74F2B3FCC}
	EndGlobalSection
EndGlobal
